
Microsoft Visual Studio Solution File, Format Version 12.00
# Visual Studio Version 17
VisualStudioVersion = 17.7.34031.279
MinimumVisualStudioVersion = 10.0.40219.1
Project("{FAE04EC0-301F-11D3-BF4B-00C04F79EFBC}") = "Arreglos C#", "Arreglos C#\Arreglos C#.csproj", "{BDB1330C-4B79-4583-9734-B93694064F2A}"
EndProject
Global
	GlobalSection(SolutionConfigurationPlatforms) = preSolution
		Debug|Any CPU = Debug|Any CPU
		Release|Any CPU = Release|Any CPU
	EndGlobalSection
	GlobalSection(ProjectConfigurationPlatforms) = postSolution
		{BDB1330C-4B79-4583-9734-B93694064F2A}.Debug|Any CPU.ActiveCfg = Debug|Any CPU
		{BDB1330C-4B79-4583-9734-B93694064F2A}.Debug|Any CPU.Build.0 = Debug|Any CPU
		{BDB1330C-4B79-4583-9734-B93694064F2A}.Release|Any CPU.ActiveCfg = Release|Any CPU
		{BDB1330C-4B79-4583-9734-B93694064F2A}.Release|Any CPU.Build.0 = Release|Any CPU
	EndGlobalSection
	GlobalSection(SolutionProperties) = preSolution
		HideSolutionNode = FALSE
	EndGlobalSection
	GlobalSection(ExtensibilityGlobals) = postSolution
		SolutionGuid = {41DECC20-6BFF-4132-A832-4B5059D08509}
	EndGlobalSection
EndGlobal
